// !$*UTF8*$!
{
	archiveVersion = 1;
	classes = {
	};
	objectVersion = 46;
	objects = {

/* Begin PBXBuildFile section */
		F8CCE2711D271D540085D5A9 /* AppDelegate.swift in Sources */ = {isa = PBXBuildFile; fileRef = F8CCE2701D271D540085D5A9 /* AppDelegate.swift */; };
		F8CCE2731D271D540085D5A9 /* ViewController.swift in Sources */ = {isa = PBXBuildFile; fileRef = F8CCE2721D271D540085D5A9 /* ViewController.swift */; };
		F8CCE2761D271D540085D5A9 /* Main.storyboard in Resources */ = {isa = PBXBuildFile; fileRef = F8CCE2741D271D540085D5A9 /* Main.storyboard */; };
		F8CCE2781D271D540085D5A9 /* Assets.xcassets in Resources */ = {isa = PBXBuildFile; fileRef = F8CCE2771D271D540085D5A9 /* Assets.xcassets */; };
		F8CCE27B1D271D540085D5A9 /* LaunchScreen.storyboard in Resources */ = {isa = PBXBuildFile; fileRef = F8CCE2791D271D540085D5A9 /* LaunchScreen.storyboard */; };
		F8CCE29D1D2722690085D5A9 /* Realm.framework in Frameworks */ = {isa = PBXBuildFile; fileRef = F8CCE2901D2722180085D5A9 /* Realm.framework */; };
		F8CCE29E1D27226F0085D5A9 /* RealmSwift.framework in Frameworks */ = {isa = PBXBuildFile; fileRef = F8CCE29A1D2722180085D5A9 /* RealmSwift.framework */; };
		F8CCE2A01D2723970085D5A9 /* FetchRequest.swift in Sources */ = {isa = PBXBuildFile; fileRef = F8CCE29F1D2723970085D5A9 /* FetchRequest.swift */; };
/* End PBXBuildFile section */

/* Begin PBXContainerItemProxy section */
		F8CCE28F1D2722180085D5A9 /* PBXContainerItemProxy */ = {
			isa = PBXContainerItemProxy;
			containerPortal = F8CCE2821D2722180085D5A9 /* Realm.xcodeproj */;
			proxyType = 2;
			remoteGlobalIDString = 5D659ED91BE04556006515A0;
			remoteInfo = Realm;
		};
		F8CCE2911D2722180085D5A9 /* PBXContainerItemProxy */ = {
			isa = PBXContainerItemProxy;
			containerPortal = F8CCE2821D2722180085D5A9 /* Realm.xcodeproj */;
			proxyType = 2;
			remoteGlobalIDString = 5DD755CF1BE056DE002800DA;
			remoteInfo = "Realm iOS static";
		};
		F8CCE2931D2722180085D5A9 /* PBXContainerItemProxy */ = {
			isa = PBXContainerItemProxy;
			containerPortal = F8CCE2821D2722180085D5A9 /* Realm.xcodeproj */;
			proxyType = 2;
			remoteGlobalIDString = E8D89BA31955FC6D00CF2B9A;
			remoteInfo = Tests;
		};
		F8CCE2951D2722180085D5A9 /* PBXContainerItemProxy */ = {
			isa = PBXContainerItemProxy;
			containerPortal = F8CCE2821D2722180085D5A9 /* Realm.xcodeproj */;
			proxyType = 2;
			remoteGlobalIDString = E856D1DF195614A400FB2FCF;
			remoteInfo = "iOS static tests";
		};
		F8CCE2971D2722180085D5A9 /* PBXContainerItemProxy */ = {
			isa = PBXContainerItemProxy;
			containerPortal = F8CCE2821D2722180085D5A9 /* Realm.xcodeproj */;
			proxyType = 2;
			remoteGlobalIDString = 3F1A5E721992EB7400F45F4C;
			remoteInfo = TestHost;
		};
		F8CCE2991D2722180085D5A9 /* PBXContainerItemProxy */ = {
			isa = PBXContainerItemProxy;
			containerPortal = F8CCE2821D2722180085D5A9 /* Realm.xcodeproj */;
			proxyType = 2;
			remoteGlobalIDString = 5D660FCC1BE98C560021E04F;
			remoteInfo = RealmSwift;
		};
		F8CCE29B1D2722180085D5A9 /* PBXContainerItemProxy */ = {
			isa = PBXContainerItemProxy;
			containerPortal = F8CCE2821D2722180085D5A9 /* Realm.xcodeproj */;
			proxyType = 2;
			remoteGlobalIDString = 5D660FD81BE98C7C0021E04F;
			remoteInfo = "RealmSwift Tests";
		};
/* End PBXContainerItemProxy section */

/* Begin PBXFileReference section */
		F8CCE26D1D271D540085D5A9 /* RealmAllObjectsOfTypeSwift3.app */ = {isa = PBXFileReference; explicitFileType = wrapper.application; includeInIndex = 0; path = RealmAllObjectsOfTypeSwift3.app; sourceTree = BUILT_PRODUCTS_DIR; };
		F8CCE2701D271D540085D5A9 /* AppDelegate.swift */ = {isa = PBXFileReference; lastKnownFileType = sourcecode.swift; path = AppDelegate.swift; sourceTree = "<group>"; };
		F8CCE2721D271D540085D5A9 /* ViewController.swift */ = {isa = PBXFileReference; lastKnownFileType = sourcecode.swift; path = ViewController.swift; sourceTree = "<group>"; };
		F8CCE2751D271D540085D5A9 /* Base */ = {isa = PBXFileReference; lastKnownFileType = file.storyboard; name = Base; path = Base.lproj/Main.storyboard; sourceTree = "<group>"; };
		F8CCE2771D271D540085D5A9 /* Assets.xcassets */ = {isa = PBXFileReference; lastKnownFileType = folder.assetcatalog; path = Assets.xcassets; sourceTree = "<group>"; };
		F8CCE27A1D271D540085D5A9 /* Base */ = {isa = PBXFileReference; lastKnownFileType = file.storyboard; name = Base; path = Base.lproj/LaunchScreen.storyboard; sourceTree = "<group>"; };
		F8CCE27C1D271D540085D5A9 /* Info.plist */ = {isa = PBXFileReference; lastKnownFileType = text.plist.xml; path = Info.plist; sourceTree = "<group>"; };
		F8CCE2821D2722180085D5A9 /* Realm.xcodeproj */ = {isa = PBXFileReference; lastKnownFileType = "wrapper.pb-project"; name = Realm.xcodeproj; path = "realm-cocoa/Realm.xcodeproj"; sourceTree = "<group>"; };
		F8CCE29F1D2723970085D5A9 /* FetchRequest.swift */ = {isa = PBXFileReference; fileEncoding = 4; lastKnownFileType = sourcecode.swift; path = FetchRequest.swift; sourceTree = "<group>"; };
/* End PBXFileReference section */

/* Begin PBXFrameworksBuildPhase section */
		F8CCE26A1D271D540085D5A9 /* Frameworks */ = {
			isa = PBXFrameworksBuildPhase;
			buildActionMask = 2147483647;
			files = (
				F8CCE29D1D2722690085D5A9 /* Realm.framework in Frameworks */,
				F8CCE29E1D27226F0085D5A9 /* RealmSwift.framework in Frameworks */,
			);
			runOnlyForDeploymentPostprocessing = 0;
		};
/* End PBXFrameworksBuildPhase section */

/* Begin PBXGroup section */
		F8CCE2641D271D540085D5A9 = {
			isa = PBXGroup;
			children = (
				F8CCE26F1D271D540085D5A9 /* RealmAllObjectsOfTypeSwift3 */,
				F8CCE26E1D271D540085D5A9 /* Products */,
				F8CCE2821D2722180085D5A9 /* Realm.xcodeproj */,
			);
			sourceTree = "<group>";
		};
		F8CCE26E1D271D540085D5A9 /* Products */ = {
			isa = PBXGroup;
			children = (
				F8CCE26D1D271D540085D5A9 /* RealmAllObjectsOfTypeSwift3.app */,
			);
			name = Products;
			sourceTree = "<group>";
		};
		F8CCE26F1D271D540085D5A9 /* RealmAllObjectsOfTypeSwift3 */ = {
			isa = PBXGroup;
			children = (
				F8CCE2701D271D540085D5A9 /* AppDelegate.swift */,
				F8CCE2721D271D540085D5A9 /* ViewController.swift */,
				F8CCE2741D271D540085D5A9 /* Main.storyboard */,
				F8CCE2771D271D540085D5A9 /* Assets.xcassets */,
				F8CCE2791D271D540085D5A9 /* LaunchScreen.storyboard */,
				F8CCE27C1D271D540085D5A9 /* Info.plist */,
				F8CCE29F1D2723970085D5A9 /* FetchRequest.swift */,
			);
			path = RealmAllObjectsOfTypeSwift3;
			sourceTree = "<group>";
		};
		F8CCE2831D2722180085D5A9 /* Products */ = {
			isa = PBXGroup;
			children = (
				F8CCE2901D2722180085D5A9 /* Realm.framework */,
				F8CCE2921D2722180085D5A9 /* Realm.framework */,
				F8CCE2941D2722180085D5A9 /* Tests.xctest */,
				F8CCE2961D2722180085D5A9 /* iOS static tests.xctest */,
				F8CCE2981D2722180085D5A9 /* TestHost.app */,
				F8CCE29A1D2722180085D5A9 /* RealmSwift.framework */,
				F8CCE29C1D2722180085D5A9 /* RealmSwift Tests.xctest */,
			);
			name = Products;
			sourceTree = "<group>";
		};
/* End PBXGroup section */

/* Begin PBXNativeTarget section */
		F8CCE26C1D271D540085D5A9 /* RealmAllObjectsOfTypeSwift3 */ = {
			isa = PBXNativeTarget;
			buildConfigurationList = F8CCE27F1D271D540085D5A9 /* Build configuration list for PBXNativeTarget "RealmAllObjectsOfTypeSwift3" */;
			buildPhases = (
				F8CCE2691D271D540085D5A9 /* Sources */,
				F8CCE26A1D271D540085D5A9 /* Frameworks */,
				F8CCE26B1D271D540085D5A9 /* Resources */,
			);
			buildRules = (
			);
			dependencies = (
			);
			name = RealmAllObjectsOfTypeSwift3;
			productName = RealmAllObjectsOfTypeSwift3;
			productReference = F8CCE26D1D271D540085D5A9 /* RealmAllObjectsOfTypeSwift3.app */;
			productType = "com.apple.product-type.application";
		};
/* End PBXNativeTarget section */

/* Begin PBXProject section */
		F8CCE2651D271D540085D5A9 /* Project object */ = {
			isa = PBXProject;
			attributes = {
				LastSwiftUpdateCheck = 0800;
				LastUpgradeCheck = 0800;
				ORGANIZATIONNAME = "Ben Chatelain";
				TargetAttributes = {
					F8CCE26C1D271D540085D5A9 = {
						CreatedOnToolsVersion = 8.0;
						DevelopmentTeam = MTGSZH8QM4;
						DevelopmentTeamName = "Log Dash G, LLC";
						ProvisioningStyle = Automatic;
					};
				};
			};
			buildConfigurationList = F8CCE2681D271D540085D5A9 /* Build configuration list for PBXProject "RealmAllObjectsOfTypeSwift3" */;
			compatibilityVersion = "Xcode 3.2";
			developmentRegion = English;
			hasScannedForEncodings = 0;
			knownRegions = (
				en,
				Base,
			);
			mainGroup = F8CCE2641D271D540085D5A9;
			productRefGroup = F8CCE26E1D271D540085D5A9 /* Products */;
			projectDirPath = "";
			projectReferences = (
				{
					ProductGroup = F8CCE2831D2722180085D5A9 /* Products */;
					ProjectRef = F8CCE2821D2722180085D5A9 /* Realm.xcodeproj */;
				},
			);
			projectRoot = "";
			targets = (
				F8CCE26C1D271D540085D5A9 /* RealmAllObjectsOfTypeSwift3 */,
			);
		};
/* End PBXProject section */

/* Begin PBXReferenceProxy section */
		F8CCE2901D2722180085D5A9 /* Realm.framework */ = {
			isa = PBXReferenceProxy;
			fileType = wrapper.framework;
			path = Realm.framework;
			remoteRef = F8CCE28F1D2722180085D5A9 /* PBXContainerItemProxy */;
			sourceTree = BUILT_PRODUCTS_DIR;
		};
		F8CCE2921D2722180085D5A9 /* Realm.framework */ = {
			isa = PBXReferenceProxy;
			fileType = wrapper.framework.static;
			path = Realm.framework;
			remoteRef = F8CCE2911D2722180085D5A9 /* PBXContainerItemProxy */;
			sourceTree = BUILT_PRODUCTS_DIR;
		};
		F8CCE2941D2722180085D5A9 /* Tests.xctest */ = {
			isa = PBXReferenceProxy;
			fileType = wrapper.cfbundle;
			path = Tests.xctest;
			remoteRef = F8CCE2931D2722180085D5A9 /* PBXContainerItemProxy */;
			sourceTree = BUILT_PRODUCTS_DIR;
		};
		F8CCE2961D2722180085D5A9 /* iOS static tests.xctest */ = {
			isa = PBXReferenceProxy;
			fileType = wrapper.cfbundle;
			path = "iOS static tests.xctest";
			remoteRef = F8CCE2951D2722180085D5A9 /* PBXContainerItemProxy */;
			sourceTree = BUILT_PRODUCTS_DIR;
		};
		F8CCE2981D2722180085D5A9 /* TestHost.app */ = {
			isa = PBXReferenceProxy;
			fileType = wrapper.application;
			path = TestHost.app;
			remoteRef = F8CCE2971D2722180085D5A9 /* PBXContainerItemProxy */;
			sourceTree = BUILT_PRODUCTS_DIR;
		};
		F8CCE29A1D2722180085D5A9 /* RealmSwift.framework */ = {
			isa = PBXReferenceProxy;
			fileType = wrapper.framework;
			path = RealmSwift.framework;
			remoteRef = F8CCE2991D2722180085D5A9 /* PBXContainerItemProxy */;
			sourceTree = BUILT_PRODUCTS_DIR;
		};
		F8CCE29C1D2722180085D5A9 /* RealmSwift Tests.xctest */ = {
			isa = PBXReferenceProxy;
			fileType = wrapper.cfbundle;
			path = "RealmSwift Tests.xctest";
			remoteRef = F8CCE29B1D2722180085D5A9 /* PBXContainerItemProxy */;
			sourceTree = BUILT_PRODUCTS_DIR;
		};
/* End PBXReferenceProxy section */

/* Begin PBXResourcesBuildPhase section */
		F8CCE26B1D271D540085D5A9 /* Resources */ = {
			isa = PBXResourcesBuildPhase;
			buildActionMask = 2147483647;
			files = (
				F8CCE27B1D271D540085D5A9 /* LaunchScreen.storyboard in Resources */,
				F8CCE2781D271D540085D5A9 /* Assets.xcassets in Resources */,
				F8CCE2761D271D540085D5A9 /* Main.storyboard in Resources */,
			);
			runOnlyForDeploymentPostprocessing = 0;
		};
/* End PBXResourcesBuildPhase section */

/* Begin PBXSourcesBuildPhase section */
		F8CCE2691D271D540085D5A9 /* Sources */ = {
			isa = PBXSourcesBuildPhase;
			buildActionMask = 2147483647;
			files = (
				F8CCE2A01D2723970085D5A9 /* FetchRequest.swift in Sources */,
				F8CCE2731D271D540085D5A9 /* ViewController.swift in Sources */,
				F8CCE2711D271D540085D5A9 /* AppDelegate.swift in Sources */,
			);
			runOnlyForDeploymentPostprocessing = 0;
		};
/* End PBXSourcesBuildPhase section */

/* Begin PBXVariantGroup section */
		F8CCE2741D271D540085D5A9 /* Main.storyboard */ = {
			isa = PBXVariantGroup;
			children = (
				F8CCE2751D271D540085D5A9 /* Base */,
			);
			name = Main.storyboard;
			sourceTree = "<group>";
		};
		F8CCE2791D271D540085D5A9 /* LaunchScreen.storyboard */ = {
			isa = PBXVariantGroup;
			children = (
				F8CCE27A1D271D540085D5A9 /* Base */,
			);
			name = LaunchScreen.storyboard;
			sourceTree = "<group>";
		};
/* End PBXVariantGroup section */

/* Begin XCBuildConfiguration section */
		F8CCE27D1D271D540085D5A9 /* Debug */ = {
			isa = XCBuildConfiguration;
			buildSettings = {
				ALWAYS_SEARCH_USER_PATHS = NO;
				CLANG_ANALYZER_NONNULL = YES;
				CLANG_CXX_LANGUAGE_STANDARD = "gnu++0x";
				CLANG_CXX_LIBRARY = "libc++";
				CLANG_ENABLE_MODULES = YES;
				CLANG_ENABLE_OBJC_ARC = YES;
				CLANG_WARN_BOOL_CONVERSION = YES;
				CLANG_WARN_CONSTANT_CONVERSION = YES;
				CLANG_WARN_DIRECT_OBJC_ISA_USAGE = YES_ERROR;
				CLANG_WARN_DOCUMENTATION_COMMENTS = YES;
				CLANG_WARN_EMPTY_BODY = YES;
				CLANG_WARN_ENUM_CONVERSION = YES;
				CLANG_WARN_INT_CONVERSION = YES;
				CLANG_WARN_OBJC_ROOT_CLASS = YES_ERROR;
				CLANG_WARN_UNREACHABLE_CODE = YES;
				CLANG_WARN__DUPLICATE_METHOD_MATCH = YES;
				"CODE_SIGN_IDENTITY[sdk=iphoneos*]" = "iPhone Developer";
				COPY_PHASE_STRIP = NO;
				DEBUG_INFORMATION_FORMAT = dwarf;
				ENABLE_STRICT_OBJC_MSGSEND = YES;
				ENABLE_TESTABILITY = YES;
				GCC_C_LANGUAGE_STANDARD = gnu99;
				GCC_DYNAMIC_NO_PIC = NO;
				GCC_NO_COMMON_BLOCKS = YES;
				GCC_OPTIMIZATION_LEVEL = 0;
				GCC_PREPROCESSOR_DEFINITIONS = (
					"DEBUG=1",
					"$(inherited)",
				);
				GCC_WARN_64_TO_32_BIT_CONVERSION = YES;
				GCC_WARN_ABOUT_RETURN_TYPE = YES_ERROR;
				GCC_WARN_UNDECLARED_SELECTOR = YES;
				GCC_WARN_UNINITIALIZED_AUTOS = YES_AGGRESSIVE;
				GCC_WARN_UNUSED_FUNCTION = YES;
				GCC_WARN_UNUSED_VARIABLE = YES;
				IPHONEOS_DEPLOYMENT_TARGET = 10.0;
				MTL_ENABLE_DEBUG_INFO = YES;
				ONLY_ACTIVE_ARCH = YES;
				SDKROOT = iphoneos;
				SWIFT_ACTIVE_COMPILATION_CONDITIONS = DEBUG;
				SWIFT_OPTIMIZATION_LEVEL = "-Onone";
				TARGETED_DEVICE_FAMILY = "1,2";
			};
			name = Debug;
		};
		F8CCE27E1D271D540085D5A9 /* Release */ = {
			isa = XCBuildConfiguration;
			buildSettings = {
				ALWAYS_SEARCH_USER_PATHS = NO;
				CLANG_ANALYZER_NONNULL = YES;
				CLANG_CXX_LANGUAGE_STANDARD = "gnu++0x";
				CLANG_CXX_LIBRARY = "libc++";
				CLANG_ENABLE_MODULES = YES;
				CLANG_ENABLE_OBJC_ARC = YES;
				CLANG_WARN_BOOL_CONVERSION = YES;
				CLANG_WARN_CONSTANT_CONVERSION = YES;
				CLANG_WARN_DIRECT_OBJC_ISA_USAGE = YES_ERROR;
				CLANG_WARN_DOCUMENTATION_COMMENTS = YES;
				CLANG_WARN_EMPTY_BODY = YES;
				CLANG_WARN_ENUM_CONVERSION = YES;
				CLANG_WARN_INT_CONVERSION = YES;
				CLANG_WARN_OBJC_ROOT_CLASS = YES_ERROR;
				CLANG_WARN_UNREACHABLE_CODE = YES;
				CLANG_WARN__DUPLICATE_METHOD_MATCH = YES;
				"CODE_SIGN_IDENTITY[sdk=iphoneos*]" = "iPhone Developer";
				COPY_PHASE_STRIP = NO;
				DEBUG_INFORMATION_FORMAT = "dwarf-with-dsym";
				ENABLE_NS_ASSERTIONS = NO;
				ENABLE_STRICT_OBJC_MSGSEND = YES;
				GCC_C_LANGUAGE_STANDARD = gnu99;
				GCC_NO_COMMON_BLOCKS = YES;
				GCC_WARN_64_TO_32_BIT_CONVERSION = YES;
				GCC_WARN_ABOUT_RETURN_TYPE = YES_ERROR;
				GCC_WARN_UNDECLARED_SELECTOR = YES;
				GCC_WARN_UNINITIALIZED_AUTOS = YES_AGGRESSIVE;
				GCC_WARN_UNUSED_FUNCTION = YES;
				GCC_WARN_UNUSED_VARIABLE = YES;
				IPHONEOS_DEPLOYMENT_TARGET = 10.0;
				MTL_ENABLE_DEBUG_INFO = NO;
				SDKROOT = iphoneos;
				SWIFT_OPTIMIZATION_LEVEL = "-Owholemodule";
				TARGETED_DEVICE_FAMILY = "1,2";
				VALIDATE_PRODUCT = YES;
			};
			name = Release;
		};
		F8CCE2801D271D540085D5A9 /* Debug */ = {
			isa = XCBuildConfiguration;
			buildSettings = {
				ASSETCATALOG_COMPILER_APPICON_NAME = AppIcon;
				INFOPLIST_FILE = RealmAllObjectsOfTypeSwift3/Info.plist;
				LD_RUNPATH_SEARCH_PATHS = "$(inherited) @executable_path/Frameworks";
				PRODUCT_BUNDLE_IDENTIFIER = at.phatbl.RealmAllObjectsOfTypeSwift3;
				PRODUCT_NAME = "$(TARGET_NAME)";
				SWIFT_VERSION = 3.0;
			};
			name = Debug;
		};
		F8CCE2811D271D540085D5A9 /* Release */ = {
			isa = XCBuildConfiguration;
			buildSettings = {
				ASSETCATALOG_COMPILER_APPICON_NAME = AppIcon;
				INFOPLIST_FILE = RealmAllObjectsOfTypeSwift3/Info.plist;
				LD_RUNPATH_SEARCH_PATHS = "$(inherited) @executable_path/Frameworks";
				PRODUCT_BUNDLE_IDENTIFIER = at.phatbl.RealmAllObjectsOfTypeSwift3;
				PRODUCT_NAME = "$(TARGET_NAME)";
				SWIFT_VERSION = 3.0;
			};
			name = Release;
		};
/* End XCBuildConfiguration section */

/* Begin XCConfigurationList section */
		F8CCE2681D271D540085D5A9 /* Build configuration list for PBXProject "RealmAllObjectsOfTypeSwift3" */ = {
			isa = XCConfigurationList;
			buildConfigurations = (
				F8CCE27D1D271D540085D5A9 /* Debug */,
				F8CCE27E1D271D540085D5A9 /* Release */,
			);
			defaultConfigurationIsVisible = 0;
			defaultConfigurationName = Release;
		};
		F8CCE27F1D271D540085D5A9 /* Build configuration list for PBXNativeTarget "RealmAllObjectsOfTypeSwift3" */ = {
			isa = XCConfigurationList;
			buildConfigurations = (
				F8CCE2801D271D540085D5A9 /* Debug */,
				F8CCE2811D271D540085D5A9 /* Release */,
			);
			defaultConfigurationIsVisible = 0;
			defaultConfigurationName = Release;
		};
/* End XCConfigurationList section */
	};
	rootObject = F8CCE2651D271D540085D5A9 /* Project object */;
}
